// !$*UTF8*$!
{
	archiveVersion = 1;
	classes = {
	};
	objectVersion = 110;
	objects = {

/* Begin PBXContainerItemProxy section */
		DEB4E295305F089900E5935C /* PBXContainerItemProxy */ = {
			isa = PBXContainerItemProxy;
			containerPortal = DEB4E27F305F089600E5935C /* Project object */;
			proxyType = 1;
			remoteGlobalIDString = DEB4E286305F089600E5935C;
			remoteInfo = Glucy;
		};
		DEB4E29F305F089900E5935C /* PBXContainerItemProxy */ = {
			isa = PBXContainerItemProxy;
			containerPortal = DEB4E27F305F089600E5935C /* Project object */;
			proxyType = 1;
			remoteGlobalIDString = DEB4E286305F089600E5935C;
			remoteInfo = Glucy;
		};
/* End PBXContainerItemProxy section */

/* Begin PBXFileReference section */
		DEB4E287305F089600E5935C /* Glucy.app */ = {isa = PBXFileReference; explicitFileType = wrapper.application; includeInIndex = 0; path = Glucy.app; sourceTree = BUILT_PRODUCTS_DIR; };
		DEB4E294305F089900E5935C /* GlucyTests.xctest */ = {isa = PBXFileReference; explicitFileType = wrapper.cfbundle; includeInIndex = 0; path = GlucyTests.xctest; sourceTree = BUILT_PRODUCTS_DIR; };
		DEB4E29E305F089900E5935C /* GlucyUITests.xctest */ = {isa = PBXFileReference; explicitFileType = wrapper.cfbundle; includeInIndex = 0; path = GlucyUITests.xctest; sourceTree = BUILT_PRODUCTS_DIR; };
/* End PBXFileReference section */

/* Begin PBXFileSystemSynchronizedRootGroup section */
		DEB4E289305F089600E5935C /* Glucy */ = {
			isa = PBXFileSystemSynchronizedRootGroup;
			path = Glucy;
			sourceTree = "<group>";
		};
		DEB4E297305F089900E5935C /* GlucyTests */ = {
			isa = PBXFileSystemSynchronizedRootGroup;
			path = GlucyTests;
			sourceTree = "<group>";
		};
		DEB4E2A1305F089900E5935C /* GlucyUITests */ = {
			isa = PBXFileSystemSynchronizedRootGroup;
			path = GlucyUITests;
			sourceTree = "<group>";
		};
/* End PBXFileSystemSynchronizedRootGroup section */

/* Begin PBXFrameworksBuildPhase section */
		DEB4E284305F089600E5935C /* Frameworks */ = {
			isa = PBXFrameworksBuildPhase;
			files = (
			);
		};
		DEB4E291305F089900E5935C /* Frameworks */ = {
			isa = PBXFrameworksBuildPhase;
			files = (
			);
		};
		DEB4E29B305F089900E5935C /* Frameworks */ = {
			isa = PBXFrameworksBuildPhase;
			files = (
			);
		};
/* End PBXFrameworksBuildPhase section */

/* Begin PBXGroup section */
		DEB4E27E305F089600E5935C = {
			isa = PBXGroup;
			children = (
				DEB4E289305F089600E5935C /* Glucy */,
				DEB4E297305F089900E5935C /* GlucyTests */,
				DEB4E2A1305F089900E5935C /* GlucyUITests */,
				DEB4E288305F089600E5935C /* Products */,
			);
			sourceTree = "<group>";
		};
		DEB4E288305F089600E5935C /* Products */ = {
			isa = PBXGroup;
			children = (
				DEB4E287305F089600E5935C /* Glucy.app */,
				DEB4E294305F089900E5935C /* GlucyTests.xctest */,
				DEB4E29E305F089900E5935C /* GlucyUITests.xctest */,
			);
			name = Products;
			sourceTree = "<group>";
		};
/* End PBXGroup section */

/* Begin PBXNativeTarget section */
		DEB4E286305F089600E5935C /* Glucy */ = {
			isa = PBXNativeTarget;
			buildConfigurationList = DEB4E2A6305F089900E5935C /* Build configuration list for PBXNativeTarget "Glucy" */;
			buildPhases = (
				DEB4E283305F089600E5935C /* Sources */,
				DEB4E284305F089600E5935C /* Frameworks */,
				DEB4E285305F089600E5935C /* Resources */,
			);
			buildRules = (
			);
			fileSystemSynchronizedGroups = (
				DEB4E289305F089600E5935C /* Glucy */,
			);
			name = Glucy;
			productName = Glucy;
			productReference = DEB4E287305F089600E5935C /* Glucy.app */;
			productType = "com.apple.product-type.application";
		};
		DEB4E293305F089900E5935C /* GlucyTests */ = {
			isa = PBXNativeTarget;
			buildConfigurationList = DEB4E2A9305F089900E5935C /* Build configuration list for PBXNativeTarget "GlucyTests" */;
			buildPhases = (
				DEB4E290305F089900E5935C /* Sources */,
				DEB4E291305F089900E5935C /* Frameworks */,
				DEB4E292305F089900E5935C /* Resources */,
			);
			buildRules = (
			);
			dependencies = (
				DEB4E296305F089900E5935C /* PBXTargetDependency */,
			);
			fileSystemSynchronizedGroups = (
				DEB4E297305F089900E5935C /* GlucyTests */,
			);
			name = GlucyTests;
			productName = GlucyTests;
			productReference = DEB4E294305F089900E5935C /* GlucyTests.xctest */;
			productType = "com.apple.product-type.bundle.unit-test";
		};
		DEB4E29D305F089900E5935C /* GlucyUITests */ = {
			isa = PBXNativeTarget;
			buildConfigurationList = DEB4E2AC305F089900E5935C /* Build configuration list for PBXNativeTarget "GlucyUITests" */;
			buildPhases = (
				DEB4E29A305F089900E5935C /* Sources */,
				DEB4E29B305F089900E5935C /* Frameworks */,
				DEB4E29C305F089900E5935C /* Resources */,
			);
			buildRules = (
			);
			dependencies = (
				DEB4E2A0305F089900E5935C /* PBXTargetDependency */,
			);
			fileSystemSynchronizedGroups = (
				DEB4E2A1305F089900E5935C /* GlucyUITests */,
			);
			name = GlucyUITests;
			productName = GlucyUITests;
			productReference = DEB4E29E305F089900E5935C /* GlucyUITests.xctest */;
			productType = "com.apple.product-type.bundle.ui-testing";
		};
/* End PBXNativeTarget section */

/* Begin PBXProject section */
		DEB4E27F305F089600E5935C /* Project object */ = {
			isa = PBXProject;
			attributes = {
				BuildIndependentTargetsInParallel = 1;
				LastSwiftUpdateCheck = 2700;
				LastUpgradeCheck = 2700;
				TargetAttributes = {
					DEB4E286305F089600E5935C = {
						CreatedOnToolsVersion = 27.0;
					};
					DEB4E293305F089900E5935C = {
						CreatedOnToolsVersion = 27.0;
						TestTargetID = DEB4E286305F089600E5935C;
					};
					DEB4E29D305F089900E5935C = {
						CreatedOnToolsVersion = 27.0;
						TestTargetID = DEB4E286305F089600E5935C;
					};
				};
			};
			buildConfigurationList = DEB4E282305F089600E5935C /* Build configuration list for PBXProject "Glucy" */;
			developmentRegion = en;
			hasScannedForEncodings = 0;
			knownRegions = (
				en,
				Base,
			);
			mainGroup = DEB4E27E305F089600E5935C;
			minimizedProjectReferenceProxies = 1;
			preferredProjectObjectVersion = 77;
			productRefGroup = DEB4E288305F089600E5935C /* Products */;
			projectDirPath = "";
			projectRoot = "";
			targets = (
				DEB4E286305F089600E5935C /* Glucy */,
				DEB4E293305F089900E5935C /* GlucyTests */,
				DEB4E29D305F089900E5935C /* GlucyUITests */,
			);
		};
/* End PBXProject section */

/* Begin PBXResourcesBuildPhase section */
		DEB4E285305F089600E5935C /* Resources */ = {
			isa = PBXResourcesBuildPhase;
			files = (
			);
		};
		DEB4E292305F089900E5935C /* Resources */ = {
			isa = PBXResourcesBuildPhase;
			files = (
			);
		};
		DEB4E29C305F089900E5935C /* Resources */ = {
			isa = PBXResourcesBuildPhase;
			files = (
			);
		};
/* End PBXResourcesBuildPhase section */

/* Begin PBXSourcesBuildPhase section */
		DEB4E283305F089600E5935C /* Sources */ = {
			isa = PBXSourcesBuildPhase;
			files = (
			);
		};
		DEB4E290305F089900E5935C /* Sources */ = {
			isa = PBXSourcesBuildPhase;
			files = (
			);
		};
		DEB4E29A305F089900E5935C /* Sources */ = {
			isa = PBXSourcesBuildPhase;
			files = (
			);
		};
/* End PBXSourcesBuildPhase section */

/* Begin PBXTargetDependency section */
		DEB4E296305F089900E5935C /* PBXTargetDependency */ = {
			isa = PBXTargetDependency;
			target = DEB4E286305F089600E5935C /* Glucy */;
			targetProxy = DEB4E295305F089900E5935C /* PBXContainerItemProxy */;
		};
		DEB4E2A0305F089900E5935C /* PBXTargetDependency */ = {
			isa = PBXTargetDependency;
			target = DEB4E286305F089600E5935C /* Glucy */;
			targetProxy = DEB4E29F305F089900E5935C /* PBXContainerItemProxy */;
		};
/* End PBXTargetDependency section */

/* Begin XCBuildConfiguration section */
		DEB4E2A4305F089900E5935C /* Debug configuration for PBXProject "Glucy" */ = {
			isa = XCBuildConfiguration;
			buildSettings = {
				ALWAYS_SEARCH_USER_PATHS = NO;
				ASSETCATALOG_COMPILER_GENERATE_SWIFT_ASSET_SYMBOL_EXTENSIONS = YES;
				CLANG_ANALYZER_NONNULL = YES;
				CLANG_ANALYZER_NUMBER_OBJECT_CONVERSION = YES_AGGRESSIVE;
				CLANG_CXX_LANGUAGE_STANDARD = "gnu++20";
				CLANG_ENABLE_MODULES = YES;
				CLANG_ENABLE_OBJC_ARC = YES;
				CLANG_ENABLE_OBJC_WEAK = YES;
				CLANG_WARN_BLOCK_CAPTURE_AUTORELEASING = YES;
				CLANG_WARN_BOOL_CONVERSION = YES;
				CLANG_WARN_COMMA = YES;
				CLANG_WARN_CONSTANT_CONVERSION = YES;
				CLANG_WARN_DEPRECATED_OBJC_IMPLEMENTATIONS = YES;
				CLANG_WARN_DIRECT_OBJC_ISA_USAGE = YES_ERROR;
				CLANG_WARN_DOCUMENTATION_COMMENTS = YES;
				CLANG_WARN_EMPTY_BODY = YES;
				CLANG_WARN_ENUM_CONVERSION = YES;
				CLANG_WARN_INFINITE_RECURSION = YES;
				CLANG_WARN_INT_CONVERSION = YES;
				CLANG_WARN_NON_LITERAL_NULL_CONVERSION = YES;
				CLANG_WARN_OBJC_IMPLICIT_RETAIN_SELF = YES;
				CLANG_WARN_OBJC_LITERAL_CONVERSION = YES;
				CLANG_WARN_OBJC_ROOT_CLASS = YES_ERROR;
				CLANG_WARN_QUOTED_INCLUDE_IN_FRAMEWORK_HEADER = YES;
				CLANG_WARN_RANGE_LOOP_ANALYSIS = YES;
				CLANG_WARN_STRICT_PROTOTYPES = YES;
				CLANG_WARN_SUSPICIOUS_MOVE = YES;
				CLANG_WARN_UNGUARDED_AVAILABILITY = YES_AGGRESSIVE;
				CLANG_WARN_UNREACHABLE_CODE = YES;
				CLANG_WARN__DUPLICATE_METHOD_MATCH = YES;
				COPY_PHASE_STRIP = NO;
				DEBUG_INFORMATION_FORMAT = dwarf;
				DEVELOPMENT_TEAM = 428L48JNT7;
				ENABLE_STRICT_OBJC_MSGSEND = YES;
				ENABLE_TESTABILITY = YES;
				ENABLE_USER_SCRIPT_SANDBOXING = YES;
				GCC_C_LANGUAGE_STANDARD = gnu17;
				GCC_DYNAMIC_NO_PIC = NO;
				GCC_NO_COMMON_BLOCKS = YES;
				GCC_OPTIMIZATION_LEVEL = 0;
				GCC_PREPROCESSOR_DEFINITIONS = (
					"DEBUG=1",
					"$(inherited)",
				);
				GCC_WARN_64_TO_32_BIT_CONVERSION = YES;
				GCC_WARN_ABOUT_RETURN_TYPE = YES_ERROR;
				GCC_WARN_UNDECLARED_SELECTOR = YES;
				GCC_WARN_UNINITIALIZED_AUTOS = YES_AGGRESSIVE;
				GCC_WARN_UNUSED_FUNCTION = YES;
				GCC_WARN_UNUSED_VARIABLE = YES;
				IPHONEOS_DEPLOYMENT_TARGET = 17.0;
				LOCALIZATION_PREFERS_STRING_CATALOGS = YES;
				MTL_ENABLE_DEBUG_INFO = INCLUDE_SOURCE;
				MTL_FAST_MATH = YES;
				ONLY_ACTIVE_ARCH = YES;
				SDKROOT = iphoneos;
				SWIFT_ACTIVE_COMPILATION_CONDITIONS = "DEBUG $(inherited)";
				SWIFT_OPTIMIZATION_LEVEL = "-Onone";
			};
			name = Debug;
		};
		DEB4E2A5305F089900E5935C /* Release configuration for PBXProject "Glucy" */ = {
			isa = XCBuildConfiguration;
			buildSettings = {
				ALWAYS_SEARCH_USER_PATHS = NO;
				ASSETCATALOG_COMPILER_GENERATE_SWIFT_ASSET_SYMBOL_EXTENSIONS = YES;
				CLANG_ANALYZER_NONNULL = YES;
				CLANG_ANALYZER_NUMBER_OBJECT_CONVERSION = YES_AGGRESSIVE;
				CLANG_CXX_LANGUAGE_STANDARD = "gnu++20";
				CLANG_ENABLE_MODULES = YES;
				CLANG_ENABLE_OBJC_ARC = YES;
				CLANG_ENABLE_OBJC_WEAK = YES;
				CLANG_WARN_BLOCK_CAPTURE_AUTORELEASING = YES;
				CLANG_WARN_BOOL_CONVERSION = YES;
				CLANG_WARN_COMMA = YES;
				CLANG_WARN_CONSTANT_CONVERSION = YES;
				CLANG_WARN_DEPRECATED_OBJC_IMPLEMENTATIONS = YES;
				CLANG_WARN_DIRECT_OBJC_ISA_USAGE = YES_ERROR;
				CLANG_WARN_DOCUMENTATION_COMMENTS = YES;
				CLANG_WARN_EMPTY_BODY = YES;
				CLANG_WARN_ENUM_CONVERSION = YES;
				CLANG_WARN_INFINITE_RECURSION = YES;
				CLANG_WARN_INT_CONVERSION = YES;
				CLANG_WARN_NON_LITERAL_NULL_CONVERSION = YES;
				CLANG_WARN_OBJC_IMPLICIT_RETAIN_SELF = YES;
				CLANG_WARN_OBJC_LITERAL_CONVERSION = YES;
				CLANG_WARN_OBJC_ROOT_CLASS = YES_ERROR;
				CLANG_WARN_QUOTED_INCLUDE_IN_FRAMEWORK_HEADER = YES;
				CLANG_WARN_RANGE_LOOP_ANALYSIS = YES;
				CLANG_WARN_STRICT_PROTOTYPES = YES;
				CLANG_WARN_SUSPICIOUS_MOVE = YES;
				CLANG_WARN_UNGUARDED_AVAILABILITY = YES_AGGRESSIVE;
				CLANG_WARN_UNREACHABLE_CODE = YES;
				CLANG_WARN__DUPLICATE_METHOD_MATCH = YES;
				COPY_PHASE_STRIP = NO;
				DEBUG_INFORMATION_FORMAT = "dwarf-with-dsym";
				DEVELOPMENT_TEAM = 428L48JNT7;
				ENABLE_NS_ASSERTIONS = NO;
				ENABLE_STRICT_OBJC_MSGSEND = YES;
				ENABLE_USER_SCRIPT_SANDBOXING = YES;
				GCC_C_LANGUAGE_STANDARD = gnu17;
				GCC_NO_COMMON_BLOCKS = YES;
				GCC_WARN_64_TO_32_BIT_CONVERSION = YES;
				GCC_WARN_ABOUT_RETURN_TYPE = YES_ERROR;
				GCC_WARN_UNDECLARED_SELECTOR = YES;
				GCC_WARN_UNINITIALIZED_AUTOS = YES_AGGRESSIVE;
				GCC_WARN_UNUSED_FUNCTION = YES;
				GCC_WARN_UNUSED_VARIABLE = YES;
				IPHONEOS_DEPLOYMENT_TARGET = 17.0;
				LOCALIZATION_PREFERS_STRING_CATALOGS = YES;
				MTL_ENABLE_DEBUG_INFO = NO;
				MTL_FAST_MATH = YES;
				SDKROOT = iphoneos;
				SWIFT_COMPILATION_MODE = wholemodule;
				VALIDATE_PRODUCT = YES;
			};
			name = Release;
		};
		DEB4E2A7305F089900E5935C /* Debug configuration for PBXNativeTarget "Glucy" */ = {
			isa = XCBuildConfiguration;
			buildSettings = {
				ASSETCATALOG_COMPILER_APPICON_NAME = AppIcon;
				ASSETCATALOG_COMPILER_GLOBAL_ACCENT_COLOR_NAME = AccentColor;
				CODE_SIGN_ENTITLEMENTS = Glucy/GlucyDebug.entitlements;
				CODE_SIGN_STYLE = Automatic;
				CURRENT_PROJECT_VERSION = 1;
				DEVELOPMENT_TEAM = 428L48JNT7;
				ENABLE_PREVIEWS = YES;
				GENERATE_INFOPLIST_FILE = YES;
				INFOPLIST_KEY_NSHealthClinicalHealthRecordsShareUsageDescription = "Glucy lee tu glucosa de Salud para mostrarte tu curva y anticipar bajadas. Nada de esto sale de tu teléfono.";
				INFOPLIST_KEY_NSHealthShareUsageDescription = "Glucy guarda en Salud lo que tú registras: glucosa, carbohidratos e insulina.\n\n";
				INFOPLIST_KEY_NSHealthUpdateUsageDescription = "Glucy guarda en Salud lo que tú registras: glucosa, carbohidratos e insulina.\n";
				INFOPLIST_KEY_UIApplicationSceneManifest_Generation = YES;
				INFOPLIST_KEY_UIApplicationSupportsIndirectInputEvents = YES;
				INFOPLIST_KEY_UILaunchScreen_Generation = YES;
				INFOPLIST_KEY_UISupportedInterfaceOrientations_iPad = "UIInterfaceOrientationPortrait UIInterfaceOrientationPortraitUpsideDown UIInterfaceOrientationLandscapeLeft UIInterfaceOrientationLandscapeRight";
				INFOPLIST_KEY_UISupportedInterfaceOrientations_iPhone = "UIInterfaceOrientationPortrait UIInterfaceOrientationLandscapeLeft UIInterfaceOrientationLandscapeRight";
				IPHONEOS_DEPLOYMENT_TARGET = 17.0;
				LD_RUNPATH_SEARCH_PATHS = (
					"$(inherited)",
					"@executable_path/Frameworks",
				);
				MARKETING_VERSION = 1.0;
				PRODUCT_BUNDLE_IDENTIFIER = Freelancer.Glucy;
				PRODUCT_NAME = "$(TARGET_NAME)";
				STRING_CATALOG_GENERATE_SYMBOLS = YES;
				SWIFT_APPROACHABLE_CONCURRENCY = YES;
				SWIFT_DEFAULT_ACTOR_ISOLATION = MainActor;
				SWIFT_EMIT_LOC_STRINGS = YES;
				SWIFT_UPCOMING_FEATURE_MEMBER_IMPORT_VISIBILITY = YES;
				SWIFT_VERSION = 6.0;
				TARGETED_DEVICE_FAMILY = "1,2";
			};
			name = Debug;
		};
		DEB4E2A8305F089900E5935C /* Release configuration for PBXNativeTarget "Glucy" */ = {
			isa = XCBuildConfiguration;
			buildSettings = {
				ASSETCATALOG_COMPILER_APPICON_NAME = AppIcon;
				ASSETCATALOG_COMPILER_GLOBAL_ACCENT_COLOR_NAME = AccentColor;
				CODE_SIGN_STYLE = Automatic;
				CURRENT_PROJECT_VERSION = 1;
				DEVELOPMENT_TEAM = 428L48JNT7;
				ENABLE_PREVIEWS = YES;
				GENERATE_INFOPLIST_FILE = YES;
				INFOPLIST_KEY_NSHealthClinicalHealthRecordsShareUsageDescription = "Glucy lee tu glucosa de Salud para mostrarte tu curva y anticipar bajadas. Nada de esto sale de tu teléfono.";
				INFOPLIST_KEY_NSHealthShareUsageDescription = "Glucy guarda en Salud lo que tú registras: glucosa, carbohidratos e insulina.\n\n";
				INFOPLIST_KEY_NSHealthUpdateUsageDescription = "Glucy guarda en Salud lo que tú registras: glucosa, carbohidratos e insulina.\n";
				INFOPLIST_KEY_UIApplicationSceneManifest_Generation = YES;
				INFOPLIST_KEY_UIApplicationSupportsIndirectInputEvents = YES;
				INFOPLIST_KEY_UILaunchScreen_Generation = YES;
				INFOPLIST_KEY_UISupportedInterfaceOrientations_iPad = "UIInterfaceOrientationPortrait UIInterfaceOrientationPortraitUpsideDown UIInterfaceOrientationLandscapeLeft UIInterfaceOrientationLandscapeRight";
				INFOPLIST_KEY_UISupportedInterfaceOrientations_iPhone = "UIInterfaceOrientationPortrait UIInterfaceOrientationLandscapeLeft UIInterfaceOrientationLandscapeRight";
				IPHONEOS_DEPLOYMENT_TARGET = 17.0;
				LD_RUNPATH_SEARCH_PATHS = (
					"$(inherited)",
					"@executable_path/Frameworks",
				);
				MARKETING_VERSION = 1.0;
				PRODUCT_BUNDLE_IDENTIFIER = Freelancer.Glucy;
				PRODUCT_NAME = "$(TARGET_NAME)";
				STRING_CATALOG_GENERATE_SYMBOLS = YES;
				SWIFT_APPROACHABLE_CONCURRENCY = YES;
				SWIFT_DEFAULT_ACTOR_ISOLATION = MainActor;
				SWIFT_EMIT_LOC_STRINGS = YES;
				SWIFT_UPCOMING_FEATURE_MEMBER_IMPORT_VISIBILITY = YES;
				SWIFT_VERSION = 6.0;
				TARGETED_DEVICE_FAMILY = "1,2";
			};
			name = Release;
		};
		DEB4E2AA305F089900E5935C /* Debug configuration for PBXNativeTarget "GlucyTests" */ = {
			isa = XCBuildConfiguration;
			buildSettings = {
				BUNDLE_LOADER = "$(TEST_HOST)";
				CODE_SIGN_STYLE = Automatic;
				CURRENT_PROJECT_VERSION = 1;
				DEVELOPMENT_TEAM = 428L48JNT7;
				GENERATE_INFOPLIST_FILE = YES;
				IPHONEOS_DEPLOYMENT_TARGET = "$(RECOMMENDED_IPHONEOS_DEPLOYMENT_TARGET)";
				MARKETING_VERSION = 1.0;
				PRODUCT_BUNDLE_IDENTIFIER = Freelancer.GlucyTests;
				PRODUCT_NAME = "$(TARGET_NAME)";
				STRING_CATALOG_GENERATE_SYMBOLS = NO;
				SWIFT_APPROACHABLE_CONCURRENCY = YES;
				SWIFT_EMIT_LOC_STRINGS = NO;
				SWIFT_UPCOMING_FEATURE_MEMBER_IMPORT_VISIBILITY = YES;
				SWIFT_VERSION = 6.0;
				TARGETED_DEVICE_FAMILY = "1,2";
				TEST_HOST = "$(BUILT_PRODUCTS_DIR)/Glucy.app/$(BUNDLE_EXECUTABLE_FOLDER_PATH)/Glucy";
			};
			name = Debug;
		};
		DEB4E2AB305F089900E5935C /* Release configuration for PBXNativeTarget "GlucyTests" */ = {
			isa = XCBuildConfiguration;
			buildSettings = {
				BUNDLE_LOADER = "$(TEST_HOST)";
				CODE_SIGN_STYLE = Automatic;
				CURRENT_PROJECT_VERSION = 1;
				DEVELOPMENT_TEAM = 428L48JNT7;
				GENERATE_INFOPLIST_FILE = YES;
				IPHONEOS_DEPLOYMENT_TARGET = "$(RECOMMENDED_IPHONEOS_DEPLOYMENT_TARGET)";
				MARKETING_VERSION = 1.0;
				PRODUCT_BUNDLE_IDENTIFIER = Freelancer.GlucyTests;
				PRODUCT_NAME = "$(TARGET_NAME)";
				STRING_CATALOG_GENERATE_SYMBOLS = NO;
				SWIFT_APPROACHABLE_CONCURRENCY = YES;
				SWIFT_EMIT_LOC_STRINGS = NO;
				SWIFT_UPCOMING_FEATURE_MEMBER_IMPORT_VISIBILITY = YES;
				SWIFT_VERSION = 6.0;
				TARGETED_DEVICE_FAMILY = "1,2";
				TEST_HOST = "$(BUILT_PRODUCTS_DIR)/Glucy.app/$(BUNDLE_EXECUTABLE_FOLDER_PATH)/Glucy";
			};
			name = Release;
		};
		DEB4E2AD305F089900E5935C /* Debug configuration for PBXNativeTarget "GlucyUITests" */ = {
			isa = XCBuildConfiguration;
			buildSettings = {
				CODE_SIGN_STYLE = Automatic;
				CURRENT_PROJECT_VERSION = 1;
				DEVELOPMENT_TEAM = 428L48JNT7;
				GENERATE_INFOPLIST_FILE = YES;
				MARKETING_VERSION = 1.0;
				PRODUCT_BUNDLE_IDENTIFIER = Freelancer.GlucyUITests;
				PRODUCT_NAME = "$(TARGET_NAME)";
				STRING_CATALOG_GENERATE_SYMBOLS = NO;
				SWIFT_APPROACHABLE_CONCURRENCY = YES;
				SWIFT_EMIT_LOC_STRINGS = NO;
				SWIFT_UPCOMING_FEATURE_MEMBER_IMPORT_VISIBILITY = YES;
				SWIFT_VERSION = 6.0;
				TARGETED_DEVICE_FAMILY = "1,2";
				TEST_TARGET_NAME = Glucy;
			};
			name = Debug;
		};
		DEB4E2AE305F089900E5935C /* Release configuration for PBXNativeTarget "GlucyUITests" */ = {
			isa = XCBuildConfiguration;
			buildSettings = {
				CODE_SIGN_STYLE = Automatic;
				CURRENT_PROJECT_VERSION = 1;
				DEVELOPMENT_TEAM = 428L48JNT7;
				GENERATE_INFOPLIST_FILE = YES;
				MARKETING_VERSION = 1.0;
				PRODUCT_BUNDLE_IDENTIFIER = Freelancer.GlucyUITests;
				PRODUCT_NAME = "$(TARGET_NAME)";
				STRING_CATALOG_GENERATE_SYMBOLS = NO;
				SWIFT_APPROACHABLE_CONCURRENCY = YES;
				SWIFT_EMIT_LOC_STRINGS = NO;
				SWIFT_UPCOMING_FEATURE_MEMBER_IMPORT_VISIBILITY = YES;
				SWIFT_VERSION = 6.0;
				TARGETED_DEVICE_FAMILY = "1,2";
				TEST_TARGET_NAME = Glucy;
			};
			name = Release;
		};
/* End XCBuildConfiguration section */

/* Begin XCConfigurationList section */
		DEB4E282305F089600E5935C /* Build configuration list for PBXProject "Glucy" */ = {
			isa = XCConfigurationList;
			buildConfigurations = (
				DEB4E2A4305F089900E5935C /* Debug configuration for PBXProject "Glucy" */,
				DEB4E2A5305F089900E5935C /* Release configuration for PBXProject "Glucy" */,
			);
			defaultConfigurationName = Release;
		};
		DEB4E2A6305F089900E5935C /* Build configuration list for PBXNativeTarget "Glucy" */ = {
			isa = XCConfigurationList;
			buildConfigurations = (
				DEB4E2A7305F089900E5935C /* Debug configuration for PBXNativeTarget "Glucy" */,
				DEB4E2A8305F089900E5935C /* Release configuration for PBXNativeTarget "Glucy" */,
			);
			defaultConfigurationName = Release;
		};
		DEB4E2A9305F089900E5935C /* Build configuration list for PBXNativeTarget "GlucyTests" */ = {
			isa = XCConfigurationList;
			buildConfigurations = (
				DEB4E2AA305F089900E5935C /* Debug configuration for PBXNativeTarget "GlucyTests" */,
				DEB4E2AB305F089900E5935C /* Release configuration for PBXNativeTarget "GlucyTests" */,
			);
			defaultConfigurationName = Release;
		};
		DEB4E2AC305F089900E5935C /* Build configuration list for PBXNativeTarget "GlucyUITests" */ = {
			isa = XCConfigurationList;
			buildConfigurations = (
				DEB4E2AD305F089900E5935C /* Debug configuration for PBXNativeTarget "GlucyUITests" */,
				DEB4E2AE305F089900E5935C /* Release configuration for PBXNativeTarget "GlucyUITests" */,
			);
			defaultConfigurationName = Release;
		};
/* End XCConfigurationList section */
	};
	rootObject = DEB4E27F305F089600E5935C /* Project object */;
	validationLevel = 1;
}
